// !$*UTF8*$!
{
	archiveVersion = 1;
	classes = {
	};
	objectVersion = 56;
	objects = {

/* Begin PBXBuildFile section */
		A00000000000000000000210 /* Assets.xcassets in Resources */ = {isa = PBXBuildFile; fileRef = A00000000000000000000111 /* Assets.xcassets */; };
		A00000000000000000000201 /* OpenLuminaApp.swift in Sources */ = {isa = PBXBuildFile; fileRef = A00000000000000000000101 /* OpenLuminaApp.swift */; };
		A00000000000000000000202 /* AppViewModel.swift in Sources */ = {isa = PBXBuildFile; fileRef = A00000000000000000000102 /* AppViewModel.swift */; };
		A00000000000000000000203 /* AppServices.swift in Sources */ = {isa = PBXBuildFile; fileRef = A00000000000000000000103 /* AppServices.swift */; };
		A00000000000000000000204 /* StudyBrowserView.swift in Sources */ = {isa = PBXBuildFile; fileRef = A00000000000000000000104 /* StudyBrowserView.swift */; };
		A00000000000000000000205 /* StudyImporting.swift in Sources */ = {isa = PBXBuildFile; fileRef = A00000000000000000000105 /* StudyImporting.swift */; };
		A00000000000000000000206 /* StudyCatalog.swift in Sources */ = {isa = PBXBuildFile; fileRef = A00000000000000000000106 /* StudyCatalog.swift */; };
		A00000000000000000000207 /* StudyLoader.swift in Sources */ = {isa = PBXBuildFile; fileRef = A00000000000000000000107 /* StudyLoader.swift */; };
		A00000000000000000000208 /* DICOMParser.swift in Sources */ = {isa = PBXBuildFile; fileRef = A00000000000000000000108 /* DICOMParser.swift */; };
		A00000000000000000000209 /* StudyCatalogLoader.swift in Sources */ = {isa = PBXBuildFile; fileRef = A00000000000000000000109 /* StudyCatalogLoader.swift */; };
		A0000000000000000000020A /* DICOMImageRenderer.swift in Sources */ = {isa = PBXBuildFile; fileRef = A0000000000000000000010A /* DICOMImageRenderer.swift */; };
		A0000000000000000000020B /* SyntheticStudyFactory.swift in Sources */ = {isa = PBXBuildFile; fileRef = A0000000000000000000010B /* SyntheticStudyFactory.swift */; };
		A0000000000000000000020C /* OpenLuminaTests.swift in Sources */ = {isa = PBXBuildFile; fileRef = A0000000000000000000010D /* OpenLuminaTests.swift */; };
		A0000000000000000000020D /* OpenLuminaUITests.swift in Sources */ = {isa = PBXBuildFile; fileRef = A0000000000000000000010E /* OpenLuminaUITests.swift */; };
		A0000000000000000000020E /* AboutView.swift in Sources */ = {isa = PBXBuildFile; fileRef = A0000000000000000000010F /* AboutView.swift */; };
		A0000000000000000000020F /* ImageExport.swift in Sources */ = {isa = PBXBuildFile; fileRef = A00000000000000000000110 /* ImageExport.swift */; };
/* End PBXBuildFile section */

/* Begin PBXContainerItemProxy section */
		A00000000000000000000701 /* PBXContainerItemProxy */ = {
			isa = PBXContainerItemProxy;
			containerPortal = A00000000000000000000001 /* Project object */;
			proxyType = 1;
			remoteGlobalIDString = A00000000000000000000301;
			remoteInfo = OpenLumina;
		};
		A00000000000000000000702 /* PBXContainerItemProxy */ = {
			isa = PBXContainerItemProxy;
			containerPortal = A00000000000000000000001 /* Project object */;
			proxyType = 1;
			remoteGlobalIDString = A00000000000000000000301;
			remoteInfo = OpenLumina;
		};
/* End PBXContainerItemProxy section */

/* Begin PBXFileReference section */
		A00000000000000000000101 /* OpenLuminaApp.swift */ = {isa = PBXFileReference; lastKnownFileType = sourcecode.swift; path = OpenLuminaApp.swift; sourceTree = "<group>"; };
		A00000000000000000000102 /* AppViewModel.swift */ = {isa = PBXFileReference; lastKnownFileType = sourcecode.swift; path = AppViewModel.swift; sourceTree = "<group>"; };
		A00000000000000000000103 /* AppServices.swift */ = {isa = PBXFileReference; lastKnownFileType = sourcecode.swift; path = AppServices.swift; sourceTree = "<group>"; };
		A00000000000000000000104 /* StudyBrowserView.swift */ = {isa = PBXFileReference; lastKnownFileType = sourcecode.swift; path = StudyBrowserView.swift; sourceTree = "<group>"; };
		A00000000000000000000105 /* StudyImporting.swift */ = {isa = PBXFileReference; lastKnownFileType = sourcecode.swift; path = StudyImporting.swift; sourceTree = "<group>"; };
		A00000000000000000000106 /* StudyCatalog.swift */ = {isa = PBXFileReference; lastKnownFileType = sourcecode.swift; path = StudyCatalog.swift; sourceTree = "<group>"; };
		A00000000000000000000107 /* StudyLoader.swift */ = {isa = PBXFileReference; lastKnownFileType = sourcecode.swift; path = StudyLoader.swift; sourceTree = "<group>"; };
		A00000000000000000000108 /* DICOMParser.swift */ = {isa = PBXFileReference; lastKnownFileType = sourcecode.swift; path = DICOMParser.swift; sourceTree = "<group>"; };
		A00000000000000000000109 /* StudyCatalogLoader.swift */ = {isa = PBXFileReference; lastKnownFileType = sourcecode.swift; path = StudyCatalogLoader.swift; sourceTree = "<group>"; };
		A0000000000000000000010A /* DICOMImageRenderer.swift */ = {isa = PBXFileReference; lastKnownFileType = sourcecode.swift; path = DICOMImageRenderer.swift; sourceTree = "<group>"; };
		A0000000000000000000010B /* SyntheticStudyFactory.swift */ = {isa = PBXFileReference; lastKnownFileType = sourcecode.swift; path = SyntheticStudyFactory.swift; sourceTree = "<group>"; };
		A0000000000000000000010C /* IconSource */ = {isa = PBXFileReference; lastKnownFileType = folder; path = IconSource; sourceTree = "<group>"; };
		A0000000000000000000010D /* OpenLuminaTests.swift */ = {isa = PBXFileReference; lastKnownFileType = sourcecode.swift; path = OpenLuminaTests.swift; sourceTree = "<group>"; };
		A0000000000000000000010E /* OpenLuminaUITests.swift */ = {isa = PBXFileReference; lastKnownFileType = sourcecode.swift; path = OpenLuminaUITests.swift; sourceTree = "<group>"; };
		A0000000000000000000010F /* AboutView.swift */ = {isa = PBXFileReference; lastKnownFileType = sourcecode.swift; path = AboutView.swift; sourceTree = "<group>"; };
		A00000000000000000000110 /* ImageExport.swift */ = {isa = PBXFileReference; lastKnownFileType = sourcecode.swift; path = ImageExport.swift; sourceTree = "<group>"; };
		A00000000000000000000111 /* Assets.xcassets */ = {isa = PBXFileReference; lastKnownFileType = folder.assetcatalog; path = Assets.xcassets; sourceTree = "<group>"; };
		A00000000000000000000120 /* OpenLumina.app */ = {isa = PBXFileReference; explicitFileType = wrapper.application; includeInIndex = 0; path = OpenLumina.app; sourceTree = BUILT_PRODUCTS_DIR; };
		A00000000000000000000121 /* OpenLuminaTests.xctest */ = {isa = PBXFileReference; explicitFileType = wrapper.cfbundle; includeInIndex = 0; path = OpenLuminaTests.xctest; sourceTree = BUILT_PRODUCTS_DIR; };
		A00000000000000000000122 /* OpenLuminaUITests.xctest */ = {isa = PBXFileReference; explicitFileType = wrapper.cfbundle; includeInIndex = 0; path = OpenLuminaUITests.xctest; sourceTree = BUILT_PRODUCTS_DIR; };
/* End PBXFileReference section */

/* Begin PBXFrameworksBuildPhase section */
		A00000000000000000000401 /* Frameworks */ = {isa = PBXFrameworksBuildPhase; buildActionMask = 2147483647; files = ( ); runOnlyForDeploymentPostprocessing = 0; };
		A00000000000000000000402 /* Frameworks */ = {isa = PBXFrameworksBuildPhase; buildActionMask = 2147483647; files = ( ); runOnlyForDeploymentPostprocessing = 0; };
		A00000000000000000000403 /* Frameworks */ = {isa = PBXFrameworksBuildPhase; buildActionMask = 2147483647; files = ( ); runOnlyForDeploymentPostprocessing = 0; };
/* End PBXFrameworksBuildPhase section */

/* Begin PBXGroup section */
		A00000000000000000000002 = {
			isa = PBXGroup;
			children = (
				A00000000000000000000010 /* OpenLumina */,
				A00000000000000000000020 /* OpenLuminaTests */,
				A00000000000000000000021 /* OpenLuminaUITests */,
				A00000000000000000000030 /* Products */,
				A00000000000000000000130 /* Package.swift */,
			);
			sourceTree = "<group>";
		};
		A00000000000000000000010 /* OpenLumina */ = {
			isa = PBXGroup;
			children = (
				A00000000000000000000011 /* Sources */,
				A00000000000000000000016 /* Resources */,
			);
			path = OpenLumina;
			sourceTree = "<group>";
		};
		A00000000000000000000011 /* Sources */ = {
			isa = PBXGroup;
			children = (
				A00000000000000000000012 /* AppShell */,
				A00000000000000000000013 /* StudyImport */,
				A00000000000000000000014 /* StudyModel */,
				A00000000000000000000015 /* Viewer */,
			);
			path = Sources;
			sourceTree = "<group>";
		};
		A00000000000000000000012 /* AppShell */ = {
			isa = PBXGroup;
			children = (
				A00000000000000000000101,
				A00000000000000000000102,
				A00000000000000000000103,
				A00000000000000000000104,
				A0000000000000000000010F,
				A00000000000000000000110,
			);
			path = AppShell;
			sourceTree = "<group>";
		};
		A00000000000000000000013 /* StudyImport */ = {
			isa = PBXGroup;
			children = (
				A00000000000000000000105,
			);
			path = StudyImport;
			sourceTree = "<group>";
		};
		A00000000000000000000014 /* StudyModel */ = {
			isa = PBXGroup;
			children = (
				A00000000000000000000106,
				A00000000000000000000107,
				A00000000000000000000108,
				A00000000000000000000109,
			);
			path = StudyModel;
			sourceTree = "<group>";
		};
		A00000000000000000000015 /* Viewer */ = {
			isa = PBXGroup;
			children = (
				A0000000000000000000010A,
				A0000000000000000000010B,
			);
			path = Viewer;
			sourceTree = "<group>";
		};
		A00000000000000000000016 /* Resources */ = {
			isa = PBXGroup;
			children = (
				A00000000000000000000111 /* Assets.xcassets */,
				A0000000000000000000010C /* IconSource */,
			);
			path = Resources;
			sourceTree = "<group>";
		};
		A00000000000000000000020 /* OpenLuminaTests */ = {
			isa = PBXGroup;
			children = (
				A0000000000000000000010D,
			);
			path = OpenLuminaTests;
			sourceTree = "<group>";
		};
		A00000000000000000000021 /* OpenLuminaUITests */ = {
			isa = PBXGroup;
			children = (
				A0000000000000000000010E,
			);
			path = OpenLuminaUITests;
			sourceTree = "<group>";
		};
		A00000000000000000000030 /* Products */ = {
			isa = PBXGroup;
			children = (
				A00000000000000000000120 /* OpenLumina.app */,
				A00000000000000000000121 /* OpenLuminaTests.xctest */,
				A00000000000000000000122 /* OpenLuminaUITests.xctest */,
			);
			name = Products;
			sourceTree = "<group>";
		};
		A00000000000000000000130 /* Package.swift */ = {isa = PBXFileReference; lastKnownFileType = sourcecode.swift; path = Package.swift; sourceTree = "<group>"; };
/* End PBXGroup section */

/* Begin PBXNativeTarget section */
		A00000000000000000000301 /* OpenLumina */ = {
			isa = PBXNativeTarget;
			buildConfigurationList = A00000000000000000000601 /* Build configuration list for PBXNativeTarget "OpenLumina" */;
			buildPhases = (
				A00000000000000000000411 /* Sources */,
				A00000000000000000000401 /* Frameworks */,
				A00000000000000000000412 /* Resources */,
			);
			buildRules = ( );
			dependencies = ( );
			name = OpenLumina;
			productName = OpenLumina;
			productReference = A00000000000000000000120 /* OpenLumina.app */;
			productType = "com.apple.product-type.application";
		};
		A00000000000000000000302 /* OpenLuminaTests */ = {
			isa = PBXNativeTarget;
			buildConfigurationList = A00000000000000000000602 /* Build configuration list for PBXNativeTarget "OpenLuminaTests" */;
			buildPhases = (
				A00000000000000000000421 /* Sources */,
				A00000000000000000000402 /* Frameworks */,
				A00000000000000000000422 /* Resources */,
			);
			buildRules = ( );
			dependencies = (
				A00000000000000000000801 /* PBXTargetDependency */,
			);
			name = OpenLuminaTests;
			productName = OpenLuminaTests;
			productReference = A00000000000000000000121 /* OpenLuminaTests.xctest */;
			productType = "com.apple.product-type.bundle.unit-test";
		};
		A00000000000000000000303 /* OpenLuminaUITests */ = {
			isa = PBXNativeTarget;
			buildConfigurationList = A00000000000000000000603 /* Build configuration list for PBXNativeTarget "OpenLuminaUITests" */;
			buildPhases = (
				A00000000000000000000431 /* Sources */,
				A00000000000000000000403 /* Frameworks */,
				A00000000000000000000432 /* Resources */,
			);
			buildRules = ( );
			dependencies = (
				A00000000000000000000802 /* PBXTargetDependency */,
			);
			name = OpenLuminaUITests;
			productName = OpenLuminaUITests;
			productReference = A00000000000000000000122 /* OpenLuminaUITests.xctest */;
			productType = "com.apple.product-type.bundle.ui-testing";
		};
/* End PBXNativeTarget section */

/* Begin PBXProject section */
		A00000000000000000000001 /* Project object */ = {
			isa = PBXProject;
			attributes = {
				BuildIndependentTargetsInParallel = 1;
				LastSwiftUpdateCheck = 2600;
				LastUpgradeCheck = 2600;
				TargetAttributes = {
					A00000000000000000000301 = {
						CreatedOnToolsVersion = 26.4;
					};
					A00000000000000000000302 = {
						CreatedOnToolsVersion = 26.4;
						TestTargetID = A00000000000000000000301;
					};
					A00000000000000000000303 = {
						CreatedOnToolsVersion = 26.4;
						TestTargetID = A00000000000000000000301;
					};
				};
			};
			buildConfigurationList = A00000000000000000000600 /* Build configuration list for PBXProject "OpenLumina" */;
			compatibilityVersion = "Xcode 15.0";
			developmentRegion = en;
			hasScannedForEncodings = 0;
			knownRegions = (
				en,
				Base,
			);
			mainGroup = A00000000000000000000002;
			productRefGroup = A00000000000000000000030 /* Products */;
			projectDirPath = "";
			projectRoot = "";
			targets = (
				A00000000000000000000301 /* OpenLumina */,
				A00000000000000000000302 /* OpenLuminaTests */,
				A00000000000000000000303 /* OpenLuminaUITests */,
			);
		};
/* End PBXProject section */

/* Begin PBXResourcesBuildPhase section */
		A00000000000000000000412 /* Resources */ = {
			isa = PBXResourcesBuildPhase;
			buildActionMask = 2147483647;
			files = (
				A00000000000000000000210 /* Assets.xcassets in Resources */,
			);
			runOnlyForDeploymentPostprocessing = 0;
		};
		A00000000000000000000422 /* Resources */ = {isa = PBXResourcesBuildPhase; buildActionMask = 2147483647; files = ( ); runOnlyForDeploymentPostprocessing = 0; };
		A00000000000000000000432 /* Resources */ = {isa = PBXResourcesBuildPhase; buildActionMask = 2147483647; files = ( ); runOnlyForDeploymentPostprocessing = 0; };
/* End PBXResourcesBuildPhase section */

/* Begin PBXSourcesBuildPhase section */
		A00000000000000000000411 /* Sources */ = {
			isa = PBXSourcesBuildPhase;
			buildActionMask = 2147483647;
			files = (
				A00000000000000000000201,
				A00000000000000000000202,
				A00000000000000000000203,
				A00000000000000000000204,
				A0000000000000000000020E,
				A0000000000000000000020F,
				A00000000000000000000205,
				A00000000000000000000206,
				A00000000000000000000207,
				A00000000000000000000208,
				A00000000000000000000209,
				A0000000000000000000020A,
				A0000000000000000000020B,
			);
			runOnlyForDeploymentPostprocessing = 0;
		};
		A00000000000000000000421 /* Sources */ = {
			isa = PBXSourcesBuildPhase;
			buildActionMask = 2147483647;
			files = (
				A0000000000000000000020C,
			);
			runOnlyForDeploymentPostprocessing = 0;
		};
		A00000000000000000000431 /* Sources */ = {
			isa = PBXSourcesBuildPhase;
			buildActionMask = 2147483647;
			files = (
				A0000000000000000000020D,
			);
			runOnlyForDeploymentPostprocessing = 0;
		};
/* End PBXSourcesBuildPhase section */

/* Begin PBXTargetDependency section */
		A00000000000000000000801 /* PBXTargetDependency */ = {isa = PBXTargetDependency; target = A00000000000000000000301 /* OpenLumina */; targetProxy = A00000000000000000000701 /* PBXContainerItemProxy */; };
		A00000000000000000000802 /* PBXTargetDependency */ = {isa = PBXTargetDependency; target = A00000000000000000000301 /* OpenLumina */; targetProxy = A00000000000000000000702 /* PBXContainerItemProxy */; };
/* End PBXTargetDependency section */

/* Begin XCBuildConfiguration section */
		A00000000000000000000500 /* Debug */ = {
				isa = XCBuildConfiguration;
				buildSettings = {
					ASSETCATALOG_COMPILER_APPICON_NAME = AppIcon;
					ALWAYS_SEARCH_USER_PATHS = NO;
					CLANG_ENABLE_MODULES = YES;
					CODE_SIGN_STYLE = Automatic;
					CURRENT_PROJECT_VERSION = 1;
					DEVELOPMENT_TEAM = "";
					ENABLE_TESTABILITY = YES;
					ENABLE_PREVIEWS = YES;
					GENERATE_INFOPLIST_FILE = YES;
					MARKETING_VERSION = 0.1.0;
					MACOSX_DEPLOYMENT_TARGET = 14.0;
					ONLY_ACTIVE_ARCH = YES;
					PRODUCT_BUNDLE_IDENTIFIER = dev.openlumina.app;
					PRODUCT_NAME = "$(TARGET_NAME)";
					SDKROOT = macosx;
					SWIFT_ACTIVE_COMPILATION_CONDITIONS = DEBUG;
				SWIFT_EMIT_LOC_STRINGS = YES;
				SWIFT_OPTIMIZATION_LEVEL = "-Onone";
				SWIFT_VERSION = 6.0;
			};
			name = Debug;
		};
		A00000000000000000000501 /* Release */ = {
				isa = XCBuildConfiguration;
				buildSettings = {
					ASSETCATALOG_COMPILER_APPICON_NAME = AppIcon;
					ALWAYS_SEARCH_USER_PATHS = NO;
					CLANG_ENABLE_MODULES = YES;
					CODE_SIGN_STYLE = Automatic;
					CURRENT_PROJECT_VERSION = 1;
					DEVELOPMENT_TEAM = "";
					ENABLE_PREVIEWS = YES;
					GENERATE_INFOPLIST_FILE = YES;
					MARKETING_VERSION = 0.1.0;
					MACOSX_DEPLOYMENT_TARGET = 14.0;
					PRODUCT_BUNDLE_IDENTIFIER = dev.openlumina.app;
					PRODUCT_NAME = "$(TARGET_NAME)";
					SDKROOT = macosx;
					SWIFT_EMIT_LOC_STRINGS = YES;
				SWIFT_VERSION = 6.0;
			};
			name = Release;
		};
		A00000000000000000000510 /* Debug */ = {
			isa = XCBuildConfiguration;
			buildSettings = {
				ALWAYS_SEARCH_USER_PATHS = NO;
				BUNDLE_LOADER = "$(TEST_HOST)";
				CODE_SIGN_STYLE = Automatic;
				ENABLE_TESTABILITY = YES;
				GENERATE_INFOPLIST_FILE = YES;
				LD_RUNPATH_SEARCH_PATHS = (
					"$(inherited)",
					"@loader_path/../Frameworks",
					"@loader_path/../../Frameworks",
				);
				MACOSX_DEPLOYMENT_TARGET = 14.0;
				ONLY_ACTIVE_ARCH = YES;
				PRODUCT_BUNDLE_IDENTIFIER = dev.openlumina.app.tests;
				PRODUCT_NAME = "$(TARGET_NAME)";
				SDKROOT = macosx;
				SWIFT_ACTIVE_COMPILATION_CONDITIONS = DEBUG;
				SWIFT_OPTIMIZATION_LEVEL = "-Onone";
				SWIFT_VERSION = 6.0;
				TEST_HOST = "$(BUILT_PRODUCTS_DIR)/OpenLumina.app/Contents/MacOS/OpenLumina";
				TEST_TARGET_NAME = OpenLumina;
			};
			name = Debug;
		};
		A00000000000000000000511 /* Release */ = {
			isa = XCBuildConfiguration;
			buildSettings = {
				ALWAYS_SEARCH_USER_PATHS = NO;
				BUNDLE_LOADER = "$(TEST_HOST)";
				CODE_SIGN_STYLE = Automatic;
				GENERATE_INFOPLIST_FILE = YES;
				LD_RUNPATH_SEARCH_PATHS = (
					"$(inherited)",
					"@loader_path/../Frameworks",
					"@loader_path/../../Frameworks",
				);
				MACOSX_DEPLOYMENT_TARGET = 14.0;
				PRODUCT_BUNDLE_IDENTIFIER = dev.openlumina.app.tests;
				PRODUCT_NAME = "$(TARGET_NAME)";
				SDKROOT = macosx;
				SWIFT_VERSION = 6.0;
				TEST_HOST = "$(BUILT_PRODUCTS_DIR)/OpenLumina.app/Contents/MacOS/OpenLumina";
				TEST_TARGET_NAME = OpenLumina;
			};
			name = Release;
		};
		A00000000000000000000520 /* Debug */ = {
			isa = XCBuildConfiguration;
			buildSettings = {
				ALWAYS_SEARCH_USER_PATHS = NO;
				CODE_SIGN_STYLE = Automatic;
				ENABLE_TESTABILITY = YES;
				GENERATE_INFOPLIST_FILE = YES;
				MACOSX_DEPLOYMENT_TARGET = 14.0;
				ONLY_ACTIVE_ARCH = YES;
				PRODUCT_BUNDLE_IDENTIFIER = dev.openlumina.app.uitests;
				PRODUCT_NAME = "$(TARGET_NAME)";
				SDKROOT = macosx;
				SWIFT_ACTIVE_COMPILATION_CONDITIONS = DEBUG;
				SWIFT_OPTIMIZATION_LEVEL = "-Onone";
				SWIFT_VERSION = 6.0;
				TEST_TARGET_NAME = OpenLumina;
			};
			name = Debug;
		};
		A00000000000000000000521 /* Release */ = {
			isa = XCBuildConfiguration;
			buildSettings = {
				CODE_SIGN_STYLE = Automatic;
				GENERATE_INFOPLIST_FILE = YES;
				MACOSX_DEPLOYMENT_TARGET = 14.0;
				PRODUCT_BUNDLE_IDENTIFIER = dev.openlumina.app.uitests;
				PRODUCT_NAME = "$(TARGET_NAME)";
				SDKROOT = macosx;
				SWIFT_VERSION = 6.0;
				TEST_TARGET_NAME = OpenLumina;
			};
			name = Release;
		};
		A00000000000000000000530 /* Debug */ = {
			isa = XCBuildConfiguration;
			buildSettings = {
				CODE_SIGN_STYLE = Automatic;
				DEVELOPMENT_TEAM = "";
				SDKROOT = macosx;
			};
			name = Debug;
		};
		A00000000000000000000531 /* Release */ = {
			isa = XCBuildConfiguration;
			buildSettings = {
				CODE_SIGN_STYLE = Automatic;
				DEVELOPMENT_TEAM = "";
				SDKROOT = macosx;
			};
			name = Release;
		};
/* End XCBuildConfiguration section */

/* Begin XCConfigurationList section */
		A00000000000000000000600 /* Build configuration list for PBXProject "OpenLumina" */ = {
			isa = XCConfigurationList;
			buildConfigurations = (
				A00000000000000000000530,
				A00000000000000000000531,
			);
			defaultConfigurationIsVisible = 0;
			defaultConfigurationName = Release;
		};
		A00000000000000000000601 /* Build configuration list for PBXNativeTarget "OpenLumina" */ = {
			isa = XCConfigurationList;
			buildConfigurations = (
				A00000000000000000000500,
				A00000000000000000000501,
			);
			defaultConfigurationIsVisible = 0;
			defaultConfigurationName = Release;
		};
		A00000000000000000000602 /* Build configuration list for PBXNativeTarget "OpenLuminaTests" */ = {
			isa = XCConfigurationList;
			buildConfigurations = (
				A00000000000000000000510,
				A00000000000000000000511,
			);
			defaultConfigurationIsVisible = 0;
			defaultConfigurationName = Release;
		};
		A00000000000000000000603 /* Build configuration list for PBXNativeTarget "OpenLuminaUITests" */ = {
			isa = XCConfigurationList;
			buildConfigurations = (
				A00000000000000000000520,
				A00000000000000000000521,
			);
			defaultConfigurationIsVisible = 0;
			defaultConfigurationName = Release;
		};
/* End XCConfigurationList section */
	};
	rootObject = A00000000000000000000001 /* Project object */;
}
